
Microsoft Visual Studio Solution File, Format Version 12.00
# Visual Studio Version 16
VisualStudioVersion = 16.0.31205.134
MinimumVisualStudioVersion = 10.0.40219.1
Project("{FAE04EC0-301F-11D3-BF4B-00C04F79EFBC}") = "BH3 CMBX", "BH3 CMBX\BH3 CMBX.csproj", "{5158D25E-EA33-40DE-839F-3A554AB885AB}"
EndProject
Global
	GlobalSection(SolutionConfigurationPlatforms) = preSolution
		Debug|Any CPU = Debug|Any CPU
		Release|Any CPU = Release|Any CPU
	EndGlobalSection
	GlobalSection(ProjectConfigurationPlatforms) = postSolution
		{5158D25E-EA33-40DE-839F-3A554AB885AB}.Debug|Any CPU.ActiveCfg = Debug|Any CPU
		{5158D25E-EA33-40DE-839F-3A554AB885AB}.Debug|Any CPU.Build.0 = Debug|Any CPU
		{5158D25E-EA33-40DE-839F-3A554AB885AB}.Release|Any CPU.ActiveCfg = Release|Any CPU
		{5158D25E-EA33-40DE-839F-3A554AB885AB}.Release|Any CPU.Build.0 = Release|Any CPU
	EndGlobalSection
	GlobalSection(SolutionProperties) = preSolution
		HideSolutionNode = FALSE
	EndGlobalSection
	GlobalSection(ExtensibilityGlobals) = postSolution
		SolutionGuid = {1E916C5B-D4FF-442B-8E95-07EA5D8BAC85}
	EndGlobalSection
EndGlobal
